// !$*UTF8*$!
{
	archiveVersion = 1;
	classes = {
	};
	objectVersion = 50;
	objects = {

/* Begin PBXBuildFile section */
		5E14FC3022CD9DFC00704FF0 /* AppDelegate.swift in Sources */ = {isa = PBXBuildFile; fileRef = 5E14FC2F22CD9DFC00704FF0 /* AppDelegate.swift */; };
		5E14FC3222CD9DFC00704FF0 /* ViewController.swift in Sources */ = {isa = PBXBuildFile; fileRef = 5E14FC3122CD9DFC00704FF0 /* ViewController.swift */; };
		5E14FC3522CD9DFC00704FF0 /* Main.storyboard in Resources */ = {isa = PBXBuildFile; fileRef = 5E14FC3322CD9DFC00704FF0 /* Main.storyboard */; };
		5E14FC3722CD9DFD00704FF0 /* Assets.xcassets in Resources */ = {isa = PBXBuildFile; fileRef = 5E14FC3622CD9DFD00704FF0 /* Assets.xcassets */; };
		5E14FC3A22CD9DFD00704FF0 /* LaunchScreen.storyboard in Resources */ = {isa = PBXBuildFile; fileRef = 5E14FC3822CD9DFD00704FF0 /* LaunchScreen.storyboard */; };
/* End PBXBuildFile section */

/* Begin PBXFileReference section */
		5E14FC2C22CD9DFC00704FF0 /* PROJECT 2 - TAP OR HOLD COUNTER.app */ = {isa = PBXFileReference; explicitFileType = wrapper.application; includeInIndex = 0; path = "PROJECT 2 - TAP OR HOLD COUNTER.app"; sourceTree = BUILT_PRODUCTS_DIR; };
		5E14FC2F22CD9DFC00704FF0 /* AppDelegate.swift */ = {isa = PBXFileReference; lastKnownFileType = sourcecode.swift; path = AppDelegate.swift; sourceTree = "<group>"; };
		5E14FC3122CD9DFC00704FF0 /* ViewController.swift */ = {isa = PBXFileReference; lastKnownFileType = sourcecode.swift; path = ViewController.swift; sourceTree = "<group>"; };
		5E14FC3422CD9DFC00704FF0 /* Base */ = {isa = PBXFileReference; lastKnownFileType = file.storyboard; name = Base; path = Base.lproj/Main.storyboard; sourceTree = "<group>"; };
		5E14FC3622CD9DFD00704FF0 /* Assets.xcassets */ = {isa = PBXFileReference; lastKnownFileType = folder.assetcatalog; path = Assets.xcassets; sourceTree = "<group>"; };
		5E14FC3922CD9DFD00704FF0 /* Base */ = {isa = PBXFileReference; lastKnownFileType = file.storyboard; name = Base; path = Base.lproj/LaunchScreen.storyboard; sourceTree = "<group>"; };
		5E14FC3B22CD9DFD00704FF0 /* Info.plist */ = {isa = PBXFileReference; lastKnownFileType = text.plist.xml; path = Info.plist; sourceTree = "<group>"; };
/* End PBXFileReference section */

/* Begin PBXFrameworksBuildPhase section */
		5E14FC2922CD9DFC00704FF0 /* Frameworks */ = {
			isa = PBXFrameworksBuildPhase;
			buildActionMask = 2147483647;
			files = (
			);
			runOnlyForDeploymentPostprocessing = 0;
		};
/* End PBXFrameworksBuildPhase section */

/* Begin PBXGroup section */
		5E14FC2322CD9DFC00704FF0 = {
			isa = PBXGroup;
			children = (
				5E14FC2E22CD9DFC00704FF0 /* PROJECT 2 - TAP OR HOLD COUNTER */,
				5E14FC2D22CD9DFC00704FF0 /* Products */,
			);
			sourceTree = "<group>";
		};
		5E14FC2D22CD9DFC00704FF0 /* Products */ = {
			isa = PBXGroup;
			children = (
				5E14FC2C22CD9DFC00704FF0 /* PROJECT 2 - TAP OR HOLD COUNTER.app */,
			);
			name = Products;
			sourceTree = "<group>";
		};
		5E14FC2E22CD9DFC00704FF0 /* PROJECT 2 - TAP OR HOLD COUNTER */ = {
			isa = PBXGroup;
			children = (
				5E14FC2F22CD9DFC00704FF0 /* AppDelegate.swift */,
				5E14FC3122CD9DFC00704FF0 /* ViewController.swift */,
				5E14FC3322CD9DFC00704FF0 /* Main.storyboard */,
				5E14FC3622CD9DFD00704FF0 /* Assets.xcassets */,
				5E14FC3822CD9DFD00704FF0 /* LaunchScreen.storyboard */,
				5E14FC3B22CD9DFD00704FF0 /* Info.plist */,
			);
			path = "PROJECT 2 - TAP OR HOLD COUNTER";
			sourceTree = "<group>";
		};
/* End PBXGroup section */

/* Begin PBXNativeTarget section */
		5E14FC2B22CD9DFC00704FF0 /* PROJECT 2 - TAP OR HOLD COUNTER */ = {
			isa = PBXNativeTarget;
			buildConfigurationList = 5E14FC3E22CD9DFD00704FF0 /* Build configuration list for PBXNativeTarget "PROJECT 2 - TAP OR HOLD COUNTER" */;
			buildPhases = (
				5E14FC2822CD9DFC00704FF0 /* Sources */,
				5E14FC2922CD9DFC00704FF0 /* Frameworks */,
				5E14FC2A22CD9DFC00704FF0 /* Resources */,
			);
			buildRules = (
			);
			dependencies = (
			);
			name = "PROJECT 2 - TAP OR HOLD COUNTER";
			productName = "PROJECT 2 - TAP OR HOLD COUNTER";
			productReference = 5E14FC2C22CD9DFC00704FF0 /* PROJECT 2 - TAP OR HOLD COUNTER.app */;
			productType = "com.apple.product-type.application";
		};
/* End PBXNativeTarget section */

/* Begin PBXProject section */
		5E14FC2422CD9DFC00704FF0 /* Project object */ = {
			isa = PBXProject;
			attributes = {
				LastSwiftUpdateCheck = 1000;
				LastUpgradeCheck = 1000;
				ORGANIZATIONNAME = Cuong;
				TargetAttributes = {
					5E14FC2B22CD9DFC00704FF0 = {
						CreatedOnToolsVersion = 10.0;
					};
				};
			};
			buildConfigurationList = 5E14FC2722CD9DFC00704FF0 /* Build configuration list for PBXProject "PROJECT 2 - TAP OR HOLD COUNTER" */;
			compatibilityVersion = "Xcode 9.3";
			developmentRegion = en;
			hasScannedForEncodings = 0;
			knownRegions = (
				en,
				Base,
			);
			mainGroup = 5E14FC2322CD9DFC00704FF0;
			productRefGroup = 5E14FC2D22CD9DFC00704FF0 /* Products */;
			projectDirPath = "";
			projectRoot = "";
			targets = (
				5E14FC2B22CD9DFC00704FF0 /* PROJECT 2 - TAP OR HOLD COUNTER */,
			);
		};
/* End PBXProject section */

/* Begin PBXResourcesBuildPhase section */
		5E14FC2A22CD9DFC00704FF0 /* Resources */ = {
			isa = PBXResourcesBuildPhase;
			buildActionMask = 2147483647;
			files = (
				5E14FC3A22CD9DFD00704FF0 /* LaunchScreen.storyboard in Resources */,
				5E14FC3722CD9DFD00704FF0 /* Assets.xcassets in Resources */,
				5E14FC3522CD9DFC00704FF0 /* Main.storyboard in Resources */,
			);
			runOnlyForDeploymentPostprocessing = 0;
		};
/* End PBXResourcesBuildPhase section */

/* Begin PBXSourcesBuildPhase section */
		5E14FC2822CD9DFC00704FF0 /* Sources */ = {
			isa = PBXSourcesBuildPhase;
			buildActionMask = 2147483647;
			files = (
				5E14FC3222CD9DFC00704FF0 /* ViewController.swift in Sources */,
				5E14FC3022CD9DFC00704FF0 /* AppDelegate.swift in Sources */,
			);
			runOnlyForDeploymentPostprocessing = 0;
		};
/* End PBXSourcesBuildPhase section */

/* Begin PBXVariantGroup section */
		5E14FC3322CD9DFC00704FF0 /* Main.storyboard */ = {
			isa = PBXVariantGroup;
			children = (
				5E14FC3422CD9DFC00704FF0 /* Base */,
			);
			name = Main.storyboard;
			sourceTree = "<group>";
		};
		5E14FC3822CD9DFD00704FF0 /* LaunchScreen.storyboard */ = {
			isa = PBXVariantGroup;
			children = (
				5E14FC3922CD9DFD00704FF0 /* Base */,
			);
			name = LaunchScreen.storyboard;
			sourceTree = "<group>";
		};
/* End PBXVariantGroup section */

/* Begin XCBuildConfiguration section */
		5E14FC3C22CD9DFD00704FF0 /* Debug */ = {
			isa = XCBuildConfiguration;
			buildSettings = {
				ALWAYS_SEARCH_USER_PATHS = NO;
				CLANG_ANALYZER_NONNULL = YES;
				CLANG_ANALYZER_NUMBER_OBJECT_CONVERSION = YES_AGGRESSIVE;
				CLANG_CXX_LANGUAGE_STANDARD = "gnu++14";
				CLANG_CXX_LIBRARY = "libc++";
				CLANG_ENABLE_MODULES = YES;
				CLANG_ENABLE_OBJC_ARC = YES;
				CLANG_ENABLE_OBJC_WEAK = YES;
				CLANG_WARN_BLOCK_CAPTURE_AUTORELEASING = YES;
				CLANG_WARN_BOOL_CONVERSION = YES;
				CLANG_WARN_COMMA = YES;
				CLANG_WARN_CONSTANT_CONVERSION = YES;
				CLANG_WARN_DEPRECATED_OBJC_IMPLEMENTATIONS = YES;
				CLANG_WARN_DIRECT_OBJC_ISA_USAGE = YES_ERROR;
				CLANG_WARN_DOCUMENTATION_COMMENTS = YES;
				CLANG_WARN_EMPTY_BODY = YES;
				CLANG_WARN_ENUM_CONVERSION = YES;
				CLANG_WARN_INFINITE_RECURSION = YES;
				CLANG_WARN_INT_CONVERSION = YES;
				CLANG_WARN_NON_LITERAL_NULL_CONVERSION = YES;
				CLANG_WARN_OBJC_IMPLICIT_RETAIN_SELF = YES;
				CLANG_WARN_OBJC_LITERAL_CONVERSION = YES;
				CLANG_WARN_OBJC_ROOT_CLASS = YES_ERROR;
				CLANG_WARN_RANGE_LOOP_ANALYSIS = YES;
				CLANG_WARN_STRICT_PROTOTYPES = YES;
				CLANG_WARN_SUSPICIOUS_MOVE = YES;
				CLANG_WARN_UNGUARDED_AVAILABILITY = YES_AGGRESSIVE;
				CLANG_WARN_UNREACHABLE_CODE = YES;
				CLANG_WARN__DUPLICATE_METHOD_MATCH = YES;
				CODE_SIGN_IDENTITY = "iPhone Developer";
				COPY_PHASE_STRIP = NO;
				DEBUG_INFORMATION_FORMAT = dwarf;
				ENABLE_STRICT_OBJC_MSGSEND = YES;
				ENABLE_TESTABILITY = YES;
				GCC_C_LANGUAGE_STANDARD = gnu11;
				GCC_DYNAMIC_NO_PIC = NO;
				GCC_NO_COMMON_BLOCKS = YES;
				GCC_OPTIMIZATION_LEVEL = 0;
				GCC_PREPROCESSOR_DEFINITIONS = (
					"DEBUG=1",
					"$(inherited)",
				);
				GCC_WARN_64_TO_32_BIT_CONVERSION = YES;
				GCC_WARN_ABOUT_RETURN_TYPE = YES_ERROR;
				GCC_WARN_UNDECLARED_SELECTOR = YES;
				GCC_WARN_UNINITIALIZED_AUTOS = YES_AGGRESSIVE;
				GCC_WARN_UNUSED_FUNCTION = YES;
				GCC_WARN_UNUSED_VARIABLE = YES;
				IPHONEOS_DEPLOYMENT_TARGET = 12.0;
				MTL_ENABLE_DEBUG_INFO = INCLUDE_SOURCE;
				MTL_FAST_MATH = YES;
				ONLY_ACTIVE_ARCH = YES;
				SDKROOT = iphoneos;
				SWIFT_ACTIVE_COMPILATION_CONDITIONS = DEBUG;
				SWIFT_OPTIMIZATION_LEVEL = "-Onone";
			};
			name = Debug;
		};
		5E14FC3D22CD9DFD00704FF0 /* Release */ = {
			isa = XCBuildConfiguration;
			buildSettings = {
				ALWAYS_SEARCH_USER_PATHS = NO;
				CLANG_ANALYZER_NONNULL = YES;
				CLANG_ANALYZER_NUMBER_OBJECT_CONVERSION = YES_AGGRESSIVE;
				CLANG_CXX_LANGUAGE_STANDARD = "gnu++14";
				CLANG_CXX_LIBRARY = "libc++";
				CLANG_ENABLE_MODULES = YES;
				CLANG_ENABLE_OBJC_ARC = YES;
				CLANG_ENABLE_OBJC_WEAK = YES;
				CLANG_WARN_BLOCK_CAPTURE_AUTORELEASING = YES;
				CLANG_WARN_BOOL_CONVERSION = YES;
				CLANG_WARN_COMMA = YES;
				CLANG_WARN_CONSTANT_CONVERSION = YES;
				CLANG_WARN_DEPRECATED_OBJC_IMPLEMENTATIONS = YES;
				CLANG_WARN_DIRECT_OBJC_ISA_USAGE = YES_ERROR;
				CLANG_WARN_DOCUMENTATION_COMMENTS = YES;
				CLANG_WARN_EMPTY_BODY = YES;
				CLANG_WARN_ENUM_CONVERSION = YES;
				CLANG_WARN_INFINITE_RECURSION = YES;
				CLANG_WARN_INT_CONVERSION = YES;
				CLANG_WARN_NON_LITERAL_NULL_CONVERSION = YES;
				CLANG_WARN_OBJC_IMPLICIT_RETAIN_SELF = YES;
				CLANG_WARN_OBJC_LITERAL_CONVERSION = YES;
				CLANG_WARN_OBJC_ROOT_CLASS = YES_ERROR;
				CLANG_WARN_RANGE_LOOP_ANALYSIS = YES;
				CLANG_WARN_STRICT_PROTOTYPES = YES;
				CLANG_WARN_SUSPICIOUS_MOVE = YES;
				CLANG_WARN_UNGUARDED_AVAILABILITY = YES_AGGRESSIVE;
				CLANG_WARN_UNREACHABLE_CODE = YES;
				CLANG_WARN__DUPLICATE_METHOD_MATCH = YES;
				CODE_SIGN_IDENTITY = "iPhone Developer";
				COPY_PHASE_STRIP = NO;
				DEBUG_INFORMATION_FORMAT = "dwarf-with-dsym";
				ENABLE_NS_ASSERTIONS = NO;
				ENABLE_STRICT_OBJC_MSGSEND = YES;
				GCC_C_LANGUAGE_STANDARD = gnu11;
				GCC_NO_COMMON_BLOCKS = YES;
				GCC_WARN_64_TO_32_BIT_CONVERSION = YES;
				GCC_WARN_ABOUT_RETURN_TYPE = YES_ERROR;
				GCC_WARN_UNDECLARED_SELECTOR = YES;
				GCC_WARN_UNINITIALIZED_AUTOS = YES_AGGRESSIVE;
				GCC_WARN_UNUSED_FUNCTION = YES;
				GCC_WARN_UNUSED_VARIABLE = YES;
				IPHONEOS_DEPLOYMENT_TARGET = 12.0;
				MTL_ENABLE_DEBUG_INFO = NO;
				MTL_FAST_MATH = YES;
				SDKROOT = iphoneos;
				SWIFT_COMPILATION_MODE = wholemodule;
				SWIFT_OPTIMIZATION_LEVEL = "-O";
				VALIDATE_PRODUCT = YES;
			};
			name = Release;
		};
		5E14FC3F22CD9DFD00704FF0 /* Debug */ = {
			isa = XCBuildConfiguration;
			buildSettings = {
				ASSETCATALOG_COMPILER_APPICON_NAME = AppIcon;
				CODE_SIGN_STYLE = Automatic;
				INFOPLIST_FILE = "PROJECT 2 - TAP OR HOLD COUNTER/Info.plist";
				LD_RUNPATH_SEARCH_PATHS = (
					"$(inherited)",
					"@executable_path/Frameworks",
				);
				PRODUCT_BUNDLE_IDENTIFIER = "Cuong.PROJECT-2---TAP-OR-HOLD-COUNTER";
				PRODUCT_NAME = "$(TARGET_NAME)";
				SWIFT_VERSION = 4.2;
				TARGETED_DEVICE_FAMILY = "1,2";
			};
			name = Debug;
		};
		5E14FC4022CD9DFD00704FF0 /* Release */ = {
			isa = XCBuildConfiguration;
			buildSettings = {
				ASSETCATALOG_COMPILER_APPICON_NAME = AppIcon;
				CODE_SIGN_STYLE = Automatic;
				INFOPLIST_FILE = "PROJECT 2 - TAP OR HOLD COUNTER/Info.plist";
				LD_RUNPATH_SEARCH_PATHS = (
					"$(inherited)",
					"@executable_path/Frameworks",
				);
				PRODUCT_BUNDLE_IDENTIFIER = "Cuong.PROJECT-2---TAP-OR-HOLD-COUNTER";
				PRODUCT_NAME = "$(TARGET_NAME)";
				SWIFT_VERSION = 4.2;
				TARGETED_DEVICE_FAMILY = "1,2";
			};
			name = Release;
		};
/* End XCBuildConfiguration section */

/* Begin XCConfigurationList section */
		5E14FC2722CD9DFC00704FF0 /* Build configuration list for PBXProject "PROJECT 2 - TAP OR HOLD COUNTER" */ = {
			isa = XCConfigurationList;
			buildConfigurations = (
				5E14FC3C22CD9DFD00704FF0 /* Debug */,
				5E14FC3D22CD9DFD00704FF0 /* Release */,
			);
			defaultConfigurationIsVisible = 0;
			defaultConfigurationName = Release;
		};
		5E14FC3E22CD9DFD00704FF0 /* Build configuration list for PBXNativeTarget "PROJECT 2 - TAP OR HOLD COUNTER" */ = {
			isa = XCConfigurationList;
			buildConfigurations = (
				5E14FC3F22CD9DFD00704FF0 /* Debug */,
				5E14FC4022CD9DFD00704FF0 /* Release */,
			);
			defaultConfigurationIsVisible = 0;
			defaultConfigurationName = Release;
		};
/* End XCConfigurationList section */
	};
	rootObject = 5E14FC2422CD9DFC00704FF0 /* Project object */;
}
